
Microsoft Visual Studio Solution File, Format Version 12.00
# Visual Studio Version 17
VisualStudioVersion = 17.6.33829.357
MinimumVisualStudioVersion = 10.0.40219.1
Project("{9A19103F-16F7-4668-BE54-9A1E7A4F7556}") = "BulkyRajeev", "BulkyRajeev\BulkyRajeev.csproj", "{FA1D685A-4F48-43C1-89FA-331AECF9FDEC}"
EndProject
Project("{FAE04EC0-301F-11D3-BF4B-00C04F79EFBC}") = "Bulky_Razor_Temp", "Bulky_Razor_Temp\Bulky_Razor_Temp.csproj", "{9E487B7C-CF2B-47AB-BC41-7500138EF1AD}"
EndProject
Global
	GlobalSection(SolutionConfigurationPlatforms) = preSolution
		Debug|Any CPU = Debug|Any CPU
		Release|Any CPU = Release|Any CPU
	EndGlobalSection
	GlobalSection(ProjectConfigurationPlatforms) = postSolution
		{FA1D685A-4F48-43C1-89FA-331AECF9FDEC}.Debug|Any CPU.ActiveCfg = Debug|Any CPU
		{FA1D685A-4F48-43C1-89FA-331AECF9FDEC}.Debug|Any CPU.Build.0 = Debug|Any CPU
		{FA1D685A-4F48-43C1-89FA-331AECF9FDEC}.Release|Any CPU.ActiveCfg = Release|Any CPU
		{FA1D685A-4F48-43C1-89FA-331AECF9FDEC}.Release|Any CPU.Build.0 = Release|Any CPU
		{9E487B7C-CF2B-47AB-BC41-7500138EF1AD}.Debug|Any CPU.ActiveCfg = Debug|Any CPU
		{9E487B7C-CF2B-47AB-BC41-7500138EF1AD}.Debug|Any CPU.Build.0 = Debug|Any CPU
		{9E487B7C-CF2B-47AB-BC41-7500138EF1AD}.Release|Any CPU.ActiveCfg = Release|Any CPU
		{9E487B7C-CF2B-47AB-BC41-7500138EF1AD}.Release|Any CPU.Build.0 = Release|Any CPU
	EndGlobalSection
	GlobalSection(SolutionProperties) = preSolution
		HideSolutionNode = FALSE
	EndGlobalSection
	GlobalSection(ExtensibilityGlobals) = postSolution
		SolutionGuid = {E3728D34-1E0D-4F4D-AC43-FBF625B02A1E}
	EndGlobalSection
EndGlobal
