
Microsoft Visual Studio Solution File, Format Version 12.00
# Visual Studio Version 17
VisualStudioVersion = 17.6.33829.357
MinimumVisualStudioVersion = 10.0.40219.1
Project("{9A19103F-16F7-4668-BE54-9A1E7A4F7556}") = "BulkyRajeev", "BulkyRajeev\BulkyRajeev.csproj", "{FA1D685A-4F48-43C1-89FA-331AECF9FDEC}"
EndProject
Project("{FAE04EC0-301F-11D3-BF4B-00C04F79EFBC}") = "Bulky.DataAccess", "Bulky.DataAccess\Bulky.DataAccess.csproj", "{1B615573-4BD9-4C82-9134-E0E7F9477A9D}"
	ProjectSection(ProjectDependencies) = postProject
		{58E2E50C-917D-4ABE-A9AB-484A4584CEB9} = {58E2E50C-917D-4ABE-A9AB-484A4584CEB9}
		{6B4CE704-65F3-4455-91C8-C0F7E2248F23} = {6B4CE704-65F3-4455-91C8-C0F7E2248F23}
	EndProjectSection
EndProject
Project("{FAE04EC0-301F-11D3-BF4B-00C04F79EFBC}") = "Bulky.Models", "Bulky.Models\Bulky.Models.csproj", "{6B4CE704-65F3-4455-91C8-C0F7E2248F23}"
EndProject
Project("{FAE04EC0-301F-11D3-BF4B-00C04F79EFBC}") = "Bulky.Utility", "Bulky.Utility\Bulky.Utility.csproj", "{58E2E50C-917D-4ABE-A9AB-484A4584CEB9}"
EndProject
Global
	GlobalSection(SolutionConfigurationPlatforms) = preSolution
		Debug|Any CPU = Debug|Any CPU
		Release|Any CPU = Release|Any CPU
	EndGlobalSection
	GlobalSection(ProjectConfigurationPlatforms) = postSolution
		{FA1D685A-4F48-43C1-89FA-331AECF9FDEC}.Debug|Any CPU.ActiveCfg = Debug|Any CPU
		{FA1D685A-4F48-43C1-89FA-331AECF9FDEC}.Debug|Any CPU.Build.0 = Debug|Any CPU
		{FA1D685A-4F48-43C1-89FA-331AECF9FDEC}.Release|Any CPU.ActiveCfg = Release|Any CPU
		{FA1D685A-4F48-43C1-89FA-331AECF9FDEC}.Release|Any CPU.Build.0 = Release|Any CPU
		{1B615573-4BD9-4C82-9134-E0E7F9477A9D}.Debug|Any CPU.ActiveCfg = Debug|Any CPU
		{1B615573-4BD9-4C82-9134-E0E7F9477A9D}.Debug|Any CPU.Build.0 = Debug|Any CPU
		{1B615573-4BD9-4C82-9134-E0E7F9477A9D}.Release|Any CPU.ActiveCfg = Release|Any CPU
		{1B615573-4BD9-4C82-9134-E0E7F9477A9D}.Release|Any CPU.Build.0 = Release|Any CPU
		{6B4CE704-65F3-4455-91C8-C0F7E2248F23}.Debug|Any CPU.ActiveCfg = Debug|Any CPU
		{6B4CE704-65F3-4455-91C8-C0F7E2248F23}.Debug|Any CPU.Build.0 = Debug|Any CPU
		{6B4CE704-65F3-4455-91C8-C0F7E2248F23}.Release|Any CPU.ActiveCfg = Release|Any CPU
		{6B4CE704-65F3-4455-91C8-C0F7E2248F23}.Release|Any CPU.Build.0 = Release|Any CPU
		{58E2E50C-917D-4ABE-A9AB-484A4584CEB9}.Debug|Any CPU.ActiveCfg = Debug|Any CPU
		{58E2E50C-917D-4ABE-A9AB-484A4584CEB9}.Debug|Any CPU.Build.0 = Debug|Any CPU
		{58E2E50C-917D-4ABE-A9AB-484A4584CEB9}.Release|Any CPU.ActiveCfg = Release|Any CPU
		{58E2E50C-917D-4ABE-A9AB-484A4584CEB9}.Release|Any CPU.Build.0 = Release|Any CPU
	EndGlobalSection
	GlobalSection(SolutionProperties) = preSolution
		HideSolutionNode = FALSE
	EndGlobalSection
	GlobalSection(ExtensibilityGlobals) = postSolution
		SolutionGuid = {E3728D34-1E0D-4F4D-AC43-FBF625B02A1E}
	EndGlobalSection
EndGlobal
